# This file is automatically @generated by Cargo.
# It is not intended for manual editing.
version = 3

[[package]]
name = "break_repeating_key_xor_6"
version = "0.1.0"
dependencies = [
 "hex_to_base64_1",
 "repeating_key_xor_5",
 "single_xor_cipher_3",
]

[[package]]
name = "crypto_utilities"
version = "0.1.0"

[[package]]
name = "detect_single_char_xor_4"
version = "0.1.0"
dependencies = [
 "single_xor_cipher_3",
]

[[package]]
name = "fixed_xor_2"
version = "0.1.0"
dependencies = [
 "crypto_utilities",
]

[[package]]
name = "hex_to_base64_1"
version = "0.1.0"
dependencies = [
 "crypto_utilities",
]

[[package]]
name = "repeating_key_xor_5"
version = "0.1.0"
dependencies = [
 "crypto_utilities",
]

[[package]]
name = "single_xor_cipher_3"
version = "0.1.0"
dependencies = [
 "crypto_utilities",
]
