# This file is automatically @generated by Cargo.
# It is not intended for manual editing.
version = 3

[[package]]
name = "crypto_utilities"
version = "0.1.0"

[[package]]
name = "fixed_xor_2"
version = "0.1.0"
dependencies = [
 "crypto_utilities",
]

[[package]]
name = "hex_to_base64_1"
version = "0.1.0"
dependencies = [
 "crypto_utilities",
]

[[package]]
name = "single_xor_cipher_3"
version = "0.1.0"
dependencies = [
 "crypto_utilities",
]
